
Microsoft Visual Studio Solution File, Format Version 12.00
# Visual Studio Version 16
VisualStudioVersion = 16.0.30717.126
MinimumVisualStudioVersion = 10.0.40219.1
Project("{FAE04EC0-301F-11D3-BF4B-00C04F79EFBC}") = "ConsoleApp-MathAndDisplay", "ConsoleApp-MathAndDisplay.csproj", "{C3684CC9-5B75-45FD-BFE8-3CF7473AED92}"
EndProject
Global
	GlobalSection(SolutionConfigurationPlatforms) = preSolution
		Debug|Any CPU = Debug|Any CPU
		Release|Any CPU = Release|Any CPU
	EndGlobalSection
	GlobalSection(ProjectConfigurationPlatforms) = postSolution
		{C3684CC9-5B75-45FD-BFE8-3CF7473AED92}.Debug|Any CPU.ActiveCfg = Debug|Any CPU
		{C3684CC9-5B75-45FD-BFE8-3CF7473AED92}.Debug|Any CPU.Build.0 = Debug|Any CPU
		{C3684CC9-5B75-45FD-BFE8-3CF7473AED92}.Release|Any CPU.ActiveCfg = Release|Any CPU
		{C3684CC9-5B75-45FD-BFE8-3CF7473AED92}.Release|Any CPU.Build.0 = Release|Any CPU
	EndGlobalSection
	GlobalSection(SolutionProperties) = preSolution
		HideSolutionNode = FALSE
	EndGlobalSection
	GlobalSection(ExtensibilityGlobals) = postSolution
		SolutionGuid = {3B2D3EB8-C941-41AD-86D8-476EA633E009}
	EndGlobalSection
EndGlobal
