
Microsoft Visual Studio Solution File, Format Version 12.00
# Visual Studio Version 16
VisualStudioVersion = 16.0.30717.126
MinimumVisualStudioVersion = 10.0.40219.1
Project("{FAE04EC0-301F-11D3-BF4B-00C04F79EFBC}") = "ConsoleApp-PlayingWithMethods", "ConsoleApp-PlayingWithMethods.csproj", "{4036C26C-D2D7-4513-9BF5-3C33B83DA976}"
EndProject
Global
	GlobalSection(SolutionConfigurationPlatforms) = preSolution
		Debug|Any CPU = Debug|Any CPU
		Release|Any CPU = Release|Any CPU
	EndGlobalSection
	GlobalSection(ProjectConfigurationPlatforms) = postSolution
		{4036C26C-D2D7-4513-9BF5-3C33B83DA976}.Debug|Any CPU.ActiveCfg = Debug|Any CPU
		{4036C26C-D2D7-4513-9BF5-3C33B83DA976}.Debug|Any CPU.Build.0 = Debug|Any CPU
		{4036C26C-D2D7-4513-9BF5-3C33B83DA976}.Release|Any CPU.ActiveCfg = Release|Any CPU
		{4036C26C-D2D7-4513-9BF5-3C33B83DA976}.Release|Any CPU.Build.0 = Release|Any CPU
	EndGlobalSection
	GlobalSection(SolutionProperties) = preSolution
		HideSolutionNode = FALSE
	EndGlobalSection
	GlobalSection(ExtensibilityGlobals) = postSolution
		SolutionGuid = {11A6EEF1-A769-4BB0-9E23-5C4B5630B882}
	EndGlobalSection
EndGlobal
